
Microsoft Visual Studio Solution File, Format Version 12.00
# Visual Studio Version 16
VisualStudioVersion = 16.0.30011.22
MinimumVisualStudioVersion = 10.0.40219.1
Project("{9A19103F-16F7-4668-BE54-9A1E7A4F7556}") = "BaraTIao", "BaraTIao\BaraTIao.csproj", "{CAEE34B2-A21E-4F31-A0E1-865D3F9ED55E}"
EndProject
Project("{FAE04EC0-301F-11D3-BF4B-00C04F79EFBC}") = "ModelBaraTIao", "ModelBaraTIao\ModelBaraTIao.csproj", "{B7938E87-0DC4-412E-BC9B-F672E0B8F712}"
EndProject
Global
	GlobalSection(SolutionConfigurationPlatforms) = preSolution
		Debug|Any CPU = Debug|Any CPU
		Release|Any CPU = Release|Any CPU
	EndGlobalSection
	GlobalSection(ProjectConfigurationPlatforms) = postSolution
		{CAEE34B2-A21E-4F31-A0E1-865D3F9ED55E}.Debug|Any CPU.ActiveCfg = Debug|Any CPU
		{CAEE34B2-A21E-4F31-A0E1-865D3F9ED55E}.Debug|Any CPU.Build.0 = Debug|Any CPU
		{CAEE34B2-A21E-4F31-A0E1-865D3F9ED55E}.Release|Any CPU.ActiveCfg = Release|Any CPU
		{CAEE34B2-A21E-4F31-A0E1-865D3F9ED55E}.Release|Any CPU.Build.0 = Release|Any CPU
		{B7938E87-0DC4-412E-BC9B-F672E0B8F712}.Debug|Any CPU.ActiveCfg = Debug|Any CPU
		{B7938E87-0DC4-412E-BC9B-F672E0B8F712}.Debug|Any CPU.Build.0 = Debug|Any CPU
		{B7938E87-0DC4-412E-BC9B-F672E0B8F712}.Release|Any CPU.ActiveCfg = Release|Any CPU
		{B7938E87-0DC4-412E-BC9B-F672E0B8F712}.Release|Any CPU.Build.0 = Release|Any CPU
	EndGlobalSection
	GlobalSection(SolutionProperties) = preSolution
		HideSolutionNode = FALSE
	EndGlobalSection
	GlobalSection(ExtensibilityGlobals) = postSolution
		SolutionGuid = {608012FF-7876-4605-AC36-C19A8FC5BC71}
	EndGlobalSection
EndGlobal
